
Microsoft Visual Studio Solution File, Format Version 12.00
# Visual Studio Version 17
VisualStudioVersion = 17.9.34714.143
MinimumVisualStudioVersion = 10.0.40219.1
Project("{2150E333-8FDC-42A3-9474-1A3956D46DE8}") = "Solution Items", "Solution Items", "{961B4D37-B6A9-4F35-ABFB-0CE8BB304E78}"
	ProjectSection(SolutionItems) = preProject
		.dockerignore = .dockerignore
		docker-compose.override.yml = docker-compose.override.yml
		docker-compose.yml = docker-compose.yml
		README.md = README.md
	EndProjectSection
EndProject
Project("{2150E333-8FDC-42A3-9474-1A3956D46DE8}") = "src", "src", "{A415EC73-A68F-4A2A-A99E-D4AD58E45D06}"
EndProject
Project("{2150E333-8FDC-42A3-9474-1A3956D46DE8}") = "ApiGateways", "ApiGateways", "{4CE94DE3-5D84-4EA0-9918-66D2AD3B9306}"
EndProject
Project("{2150E333-8FDC-42A3-9474-1A3956D46DE8}") = "Services", "Services", "{F8662CE4-9B33-4989-A3EB-D16DF6591734}"
EndProject
Project("{2150E333-8FDC-42A3-9474-1A3956D46DE8}") = "WebApps", "WebApps", "{8092AD9A-F248-4B75-9A5C-BFBBE89D1FC8}"
EndProject
Project("{2150E333-8FDC-42A3-9474-1A3956D46DE8}") = "BuildingBlocks", "BuildingBlocks", "{14EB557A-89AD-4D82-8C09-4FEC9046D883}"
EndProject
Project("{9A19103F-16F7-4668-BE54-9A1E7A4F7556}") = "Common.Logging", "Common.Logging\Common.Logging.csproj", "{A6E1832C-8B61-4919-BB41-71EEB007A525}"
EndProject
Project("{9A19103F-16F7-4668-BE54-9A1E7A4F7556}") = "EventBus.Messages", "EventBus.Message\EventBus.Messages.csproj", "{243B4E32-1DB8-49FD-B3B7-7E537C4A09D1}"
EndProject
Project("{2150E333-8FDC-42A3-9474-1A3956D46DE8}") = "Products", "Products", "{9CC8B303-B4E2-44F9-8A68-3EA27EA205DF}"
EndProject
Project("{2150E333-8FDC-42A3-9474-1A3956D46DE8}") = "Customers", "Customers", "{7F583028-52A0-4386-BAA6-1DEEFB5C9085}"
EndProject
Project("{2150E333-8FDC-42A3-9474-1A3956D46DE8}") = "Basket", "Basket", "{FB95CE6A-4BD7-4EDE-BB6D-2E6A3DC629B6}"
EndProject
Project("{2150E333-8FDC-42A3-9474-1A3956D46DE8}") = "Inventory", "Inventory", "{7B1B4B28-21B2-430E-A330-EC96B6B38902}"
EndProject
Project("{2150E333-8FDC-42A3-9474-1A3956D46DE8}") = "ScheduledJobs", "ScheduledJobs", "{40023BC4-D36E-47A9-AB94-456E5CAB1096}"
EndProject
Project("{9A19103F-16F7-4668-BE54-9A1E7A4F7556}") = "EShopApp", "EShopApp\EShopApp.csproj", "{809548F2-ECDA-4DC6-8605-F9EBCC2791FA}"
EndProject
Project("{9A19103F-16F7-4668-BE54-9A1E7A4F7556}") = "Basket.API", "Basket.API\Basket.API.csproj", "{53143104-ADBC-4175-BECD-A144657B527C}"
EndProject
Project("{9A19103F-16F7-4668-BE54-9A1E7A4F7556}") = "Customers.API", "Customers.API\Customers.API.csproj", "{700861C2-C38C-448C-8B8B-98A2D428FD90}"
EndProject
Project("{9A19103F-16F7-4668-BE54-9A1E7A4F7556}") = "Inventory.API", "Inventory.API\Inventory.API.csproj", "{2CD369B7-997F-4B75-8B4D-BAE66DA7C337}"
EndProject
Project("{9A19103F-16F7-4668-BE54-9A1E7A4F7556}") = "Product.API", "Product.API\Product.API.csproj", "{D539DD01-A791-4D23-B8F6-87FF909A0400}"
EndProject
Project("{9A19103F-16F7-4668-BE54-9A1E7A4F7556}") = "HangFired.API", "HangFired.API\HangFired.API.csproj", "{FCAE67CB-7B4D-4C0F-BEC2-20FCE9C8EF0D}"
EndProject
Project("{9A19103F-16F7-4668-BE54-9A1E7A4F7556}") = "Contracts", "Contracts\Contracts.csproj", "{A49E5FD8-DB89-413E-B98D-A3789AA04FB1}"
EndProject
Project("{9A19103F-16F7-4668-BE54-9A1E7A4F7556}") = "Infrastructure", "Infrastructure\Infrastructure.csproj", "{21D14298-4DA0-4D32-B921-344E3DB45379}"
EndProject
Project("{9A19103F-16F7-4668-BE54-9A1E7A4F7556}") = "Shared", "Shared\Shared.csproj", "{7D25B942-BCC6-4439-9C0A-821E3A93ECE1}"
EndProject
Project("{9A19103F-16F7-4668-BE54-9A1E7A4F7556}") = "ApiGateways", "ApiGateways\ApiGateways.csproj", "{FB744954-0F5E-4A33-82C8-0194D0F0746C}"
EndProject
Global
	GlobalSection(SolutionConfigurationPlatforms) = preSolution
		Debug|Any CPU = Debug|Any CPU
		Release|Any CPU = Release|Any CPU
	EndGlobalSection
	GlobalSection(ProjectConfigurationPlatforms) = postSolution
		{A6E1832C-8B61-4919-BB41-71EEB007A525}.Debug|Any CPU.ActiveCfg = Debug|Any CPU
		{A6E1832C-8B61-4919-BB41-71EEB007A525}.Debug|Any CPU.Build.0 = Debug|Any CPU
		{A6E1832C-8B61-4919-BB41-71EEB007A525}.Release|Any CPU.ActiveCfg = Release|Any CPU
		{A6E1832C-8B61-4919-BB41-71EEB007A525}.Release|Any CPU.Build.0 = Release|Any CPU
		{243B4E32-1DB8-49FD-B3B7-7E537C4A09D1}.Debug|Any CPU.ActiveCfg = Debug|Any CPU
		{243B4E32-1DB8-49FD-B3B7-7E537C4A09D1}.Debug|Any CPU.Build.0 = Debug|Any CPU
		{243B4E32-1DB8-49FD-B3B7-7E537C4A09D1}.Release|Any CPU.ActiveCfg = Release|Any CPU
		{243B4E32-1DB8-49FD-B3B7-7E537C4A09D1}.Release|Any CPU.Build.0 = Release|Any CPU
		{809548F2-ECDA-4DC6-8605-F9EBCC2791FA}.Debug|Any CPU.ActiveCfg = Debug|Any CPU
		{809548F2-ECDA-4DC6-8605-F9EBCC2791FA}.Debug|Any CPU.Build.0 = Debug|Any CPU
		{809548F2-ECDA-4DC6-8605-F9EBCC2791FA}.Release|Any CPU.ActiveCfg = Release|Any CPU
		{809548F2-ECDA-4DC6-8605-F9EBCC2791FA}.Release|Any CPU.Build.0 = Release|Any CPU
		{53143104-ADBC-4175-BECD-A144657B527C}.Debug|Any CPU.ActiveCfg = Debug|Any CPU
		{53143104-ADBC-4175-BECD-A144657B527C}.Debug|Any CPU.Build.0 = Debug|Any CPU
		{53143104-ADBC-4175-BECD-A144657B527C}.Release|Any CPU.ActiveCfg = Release|Any CPU
		{53143104-ADBC-4175-BECD-A144657B527C}.Release|Any CPU.Build.0 = Release|Any CPU
		{700861C2-C38C-448C-8B8B-98A2D428FD90}.Debug|Any CPU.ActiveCfg = Debug|Any CPU
		{700861C2-C38C-448C-8B8B-98A2D428FD90}.Debug|Any CPU.Build.0 = Debug|Any CPU
		{700861C2-C38C-448C-8B8B-98A2D428FD90}.Release|Any CPU.ActiveCfg = Release|Any CPU
		{700861C2-C38C-448C-8B8B-98A2D428FD90}.Release|Any CPU.Build.0 = Release|Any CPU
		{2CD369B7-997F-4B75-8B4D-BAE66DA7C337}.Debug|Any CPU.ActiveCfg = Debug|Any CPU
		{2CD369B7-997F-4B75-8B4D-BAE66DA7C337}.Debug|Any CPU.Build.0 = Debug|Any CPU
		{2CD369B7-997F-4B75-8B4D-BAE66DA7C337}.Release|Any CPU.ActiveCfg = Release|Any CPU
		{2CD369B7-997F-4B75-8B4D-BAE66DA7C337}.Release|Any CPU.Build.0 = Release|Any CPU
		{D539DD01-A791-4D23-B8F6-87FF909A0400}.Debug|Any CPU.ActiveCfg = Debug|Any CPU
		{D539DD01-A791-4D23-B8F6-87FF909A0400}.Debug|Any CPU.Build.0 = Debug|Any CPU
		{D539DD01-A791-4D23-B8F6-87FF909A0400}.Release|Any CPU.ActiveCfg = Release|Any CPU
		{D539DD01-A791-4D23-B8F6-87FF909A0400}.Release|Any CPU.Build.0 = Release|Any CPU
		{FCAE67CB-7B4D-4C0F-BEC2-20FCE9C8EF0D}.Debug|Any CPU.ActiveCfg = Debug|Any CPU
		{FCAE67CB-7B4D-4C0F-BEC2-20FCE9C8EF0D}.Debug|Any CPU.Build.0 = Debug|Any CPU
		{FCAE67CB-7B4D-4C0F-BEC2-20FCE9C8EF0D}.Release|Any CPU.ActiveCfg = Release|Any CPU
		{FCAE67CB-7B4D-4C0F-BEC2-20FCE9C8EF0D}.Release|Any CPU.Build.0 = Release|Any CPU
		{A49E5FD8-DB89-413E-B98D-A3789AA04FB1}.Debug|Any CPU.ActiveCfg = Debug|Any CPU
		{A49E5FD8-DB89-413E-B98D-A3789AA04FB1}.Debug|Any CPU.Build.0 = Debug|Any CPU
		{A49E5FD8-DB89-413E-B98D-A3789AA04FB1}.Release|Any CPU.ActiveCfg = Release|Any CPU
		{A49E5FD8-DB89-413E-B98D-A3789AA04FB1}.Release|Any CPU.Build.0 = Release|Any CPU
		{21D14298-4DA0-4D32-B921-344E3DB45379}.Debug|Any CPU.ActiveCfg = Debug|Any CPU
		{21D14298-4DA0-4D32-B921-344E3DB45379}.Debug|Any CPU.Build.0 = Debug|Any CPU
		{21D14298-4DA0-4D32-B921-344E3DB45379}.Release|Any CPU.ActiveCfg = Release|Any CPU
		{21D14298-4DA0-4D32-B921-344E3DB45379}.Release|Any CPU.Build.0 = Release|Any CPU
		{7D25B942-BCC6-4439-9C0A-821E3A93ECE1}.Debug|Any CPU.ActiveCfg = Debug|Any CPU
		{7D25B942-BCC6-4439-9C0A-821E3A93ECE1}.Debug|Any CPU.Build.0 = Debug|Any CPU
		{7D25B942-BCC6-4439-9C0A-821E3A93ECE1}.Release|Any CPU.ActiveCfg = Release|Any CPU
		{7D25B942-BCC6-4439-9C0A-821E3A93ECE1}.Release|Any CPU.Build.0 = Release|Any CPU
		{FB744954-0F5E-4A33-82C8-0194D0F0746C}.Debug|Any CPU.ActiveCfg = Debug|Any CPU
		{FB744954-0F5E-4A33-82C8-0194D0F0746C}.Debug|Any CPU.Build.0 = Debug|Any CPU
		{FB744954-0F5E-4A33-82C8-0194D0F0746C}.Release|Any CPU.ActiveCfg = Release|Any CPU
		{FB744954-0F5E-4A33-82C8-0194D0F0746C}.Release|Any CPU.Build.0 = Release|Any CPU
	EndGlobalSection
	GlobalSection(SolutionProperties) = preSolution
		HideSolutionNode = FALSE
	EndGlobalSection
	GlobalSection(NestedProjects) = preSolution
		{4CE94DE3-5D84-4EA0-9918-66D2AD3B9306} = {A415EC73-A68F-4A2A-A99E-D4AD58E45D06}
		{F8662CE4-9B33-4989-A3EB-D16DF6591734} = {A415EC73-A68F-4A2A-A99E-D4AD58E45D06}
		{8092AD9A-F248-4B75-9A5C-BFBBE89D1FC8} = {A415EC73-A68F-4A2A-A99E-D4AD58E45D06}
		{14EB557A-89AD-4D82-8C09-4FEC9046D883} = {A415EC73-A68F-4A2A-A99E-D4AD58E45D06}
		{A6E1832C-8B61-4919-BB41-71EEB007A525} = {14EB557A-89AD-4D82-8C09-4FEC9046D883}
		{243B4E32-1DB8-49FD-B3B7-7E537C4A09D1} = {14EB557A-89AD-4D82-8C09-4FEC9046D883}
		{9CC8B303-B4E2-44F9-8A68-3EA27EA205DF} = {F8662CE4-9B33-4989-A3EB-D16DF6591734}
		{7F583028-52A0-4386-BAA6-1DEEFB5C9085} = {F8662CE4-9B33-4989-A3EB-D16DF6591734}
		{FB95CE6A-4BD7-4EDE-BB6D-2E6A3DC629B6} = {F8662CE4-9B33-4989-A3EB-D16DF6591734}
		{7B1B4B28-21B2-430E-A330-EC96B6B38902} = {F8662CE4-9B33-4989-A3EB-D16DF6591734}
		{40023BC4-D36E-47A9-AB94-456E5CAB1096} = {F8662CE4-9B33-4989-A3EB-D16DF6591734}
		{809548F2-ECDA-4DC6-8605-F9EBCC2791FA} = {8092AD9A-F248-4B75-9A5C-BFBBE89D1FC8}
		{53143104-ADBC-4175-BECD-A144657B527C} = {FB95CE6A-4BD7-4EDE-BB6D-2E6A3DC629B6}
		{700861C2-C38C-448C-8B8B-98A2D428FD90} = {7F583028-52A0-4386-BAA6-1DEEFB5C9085}
		{2CD369B7-997F-4B75-8B4D-BAE66DA7C337} = {7B1B4B28-21B2-430E-A330-EC96B6B38902}
		{D539DD01-A791-4D23-B8F6-87FF909A0400} = {9CC8B303-B4E2-44F9-8A68-3EA27EA205DF}
		{FCAE67CB-7B4D-4C0F-BEC2-20FCE9C8EF0D} = {40023BC4-D36E-47A9-AB94-456E5CAB1096}
		{A49E5FD8-DB89-413E-B98D-A3789AA04FB1} = {14EB557A-89AD-4D82-8C09-4FEC9046D883}
		{21D14298-4DA0-4D32-B921-344E3DB45379} = {14EB557A-89AD-4D82-8C09-4FEC9046D883}
		{7D25B942-BCC6-4439-9C0A-821E3A93ECE1} = {14EB557A-89AD-4D82-8C09-4FEC9046D883}
		{FB744954-0F5E-4A33-82C8-0194D0F0746C} = {4CE94DE3-5D84-4EA0-9918-66D2AD3B9306}
	EndGlobalSection
	GlobalSection(ExtensibilityGlobals) = postSolution
		SolutionGuid = {F98F6416-941B-493C-9100-BE0543B4C32C}
	EndGlobalSection
EndGlobal
